
Microsoft Visual Studio Solution File, Format Version 12.00
# Visual Studio Version 16
VisualStudioVersion = 16.0.29519.87
MinimumVisualStudioVersion = 10.0.40219.1
Project("{9A19103F-16F7-4668-BE54-9A1E7A4F7556}") = "Automated E2E Testing Framework", "Automated_E2E_Testing_Framework\Automated_E2E_Testing_Framework.csproj", "{EDFAF378-5EC3-4681-94C9-09402135BCFD}"
EndProject
Project("{9A19103F-16F7-4668-BE54-9A1E7A4F7556}") = "APOM", "APOM\APOM.csproj", "{9FD789D3-95AB-4825-8771-F1D57F42E467}"
EndProject
Project("{2150E333-8FDC-42A3-9474-1A3956D46DE8}") = "Solution Items", "Solution Items", "{C5229E10-0BBC-40A1-95C6-DAA343BDB679}"
	ProjectSection(SolutionItems) = preProject
		Automated E2E Testing.drawio = Automated E2E Testing.drawio
		BrowserStackLocal.bat = BrowserStackLocal.bat
		BrowserStackLocal.exe = BrowserStackLocal.exe
		README.md = README.md
	EndProjectSection
EndProject
Global
	GlobalSection(SolutionConfigurationPlatforms) = preSolution
		Debug|Any CPU = Debug|Any CPU
		Release|Any CPU = Release|Any CPU
	EndGlobalSection
	GlobalSection(ProjectConfigurationPlatforms) = postSolution
		{EDFAF378-5EC3-4681-94C9-09402135BCFD}.Debug|Any CPU.ActiveCfg = Debug|Any CPU
		{EDFAF378-5EC3-4681-94C9-09402135BCFD}.Debug|Any CPU.Build.0 = Debug|Any CPU
		{EDFAF378-5EC3-4681-94C9-09402135BCFD}.Release|Any CPU.ActiveCfg = Release|Any CPU
		{EDFAF378-5EC3-4681-94C9-09402135BCFD}.Release|Any CPU.Build.0 = Release|Any CPU
		{9FD789D3-95AB-4825-8771-F1D57F42E467}.Debug|Any CPU.ActiveCfg = Debug|Any CPU
		{9FD789D3-95AB-4825-8771-F1D57F42E467}.Debug|Any CPU.Build.0 = Debug|Any CPU
		{9FD789D3-95AB-4825-8771-F1D57F42E467}.Release|Any CPU.ActiveCfg = Release|Any CPU
		{9FD789D3-95AB-4825-8771-F1D57F42E467}.Release|Any CPU.Build.0 = Release|Any CPU
	EndGlobalSection
	GlobalSection(SolutionProperties) = preSolution
		HideSolutionNode = FALSE
	EndGlobalSection
	GlobalSection(ExtensibilityGlobals) = postSolution
		SolutionGuid = {5829FD48-F87B-4CED-8B0D-2F1888F2DB99}
	EndGlobalSection
EndGlobal
